
Microsoft Visual Studio Solution File, Format Version 12.00
# Visual Studio Version 17
VisualStudioVersion = 17.0.31903.59
MinimumVisualStudioVersion = 10.0.40219.1
Project("{FAE04EC0-301F-11D3-BF4B-00C04F79EFBC}") = "WPFMVVMBtnForm", "WPFMVVMBtnForm\WPFMVVMBtnForm.csproj", "{870736B9-8567-4E1C-991E-751F6EF2AADF}"
EndProject
Project("{FAE04EC0-301F-11D3-BF4B-00C04F79EFBC}") = "BindingLibrary", "BindingLibrary\BindingLibrary.csproj", "{1CED3DD9-0C78-426F-BBED-A5300B66B163}"
EndProject
Global
	GlobalSection(SolutionConfigurationPlatforms) = preSolution
		Debug|Any CPU = Debug|Any CPU
		Release|Any CPU = Release|Any CPU
	EndGlobalSection
	GlobalSection(ProjectConfigurationPlatforms) = postSolution
		{870736B9-8567-4E1C-991E-751F6EF2AADF}.Debug|Any CPU.ActiveCfg = Debug|Any CPU
		{870736B9-8567-4E1C-991E-751F6EF2AADF}.Debug|Any CPU.Build.0 = Debug|Any CPU
		{870736B9-8567-4E1C-991E-751F6EF2AADF}.Release|Any CPU.ActiveCfg = Release|Any CPU
		{870736B9-8567-4E1C-991E-751F6EF2AADF}.Release|Any CPU.Build.0 = Release|Any CPU
		{1CED3DD9-0C78-426F-BBED-A5300B66B163}.Debug|Any CPU.ActiveCfg = Debug|Any CPU
		{1CED3DD9-0C78-426F-BBED-A5300B66B163}.Debug|Any CPU.Build.0 = Debug|Any CPU
		{1CED3DD9-0C78-426F-BBED-A5300B66B163}.Release|Any CPU.ActiveCfg = Release|Any CPU
		{1CED3DD9-0C78-426F-BBED-A5300B66B163}.Release|Any CPU.Build.0 = Release|Any CPU
	EndGlobalSection
	GlobalSection(SolutionProperties) = preSolution
		HideSolutionNode = FALSE
	EndGlobalSection
	GlobalSection(ExtensibilityGlobals) = postSolution
		SolutionGuid = {026D1C56-6C50-4792-969F-F5D33AC94DE0}
	EndGlobalSection
EndGlobal
